
Microsoft Visual Studio Solution File, Format Version 12.00
# Visual Studio 14
VisualStudioVersion = 14.0.25420.1
MinimumVisualStudioVersion = 10.0.40219.1
Project("{FAE04EC0-301F-11D3-BF4B-00C04F79EFBC}") = "Kartojimas1", "Kartojimas1\Kartojimas1.csproj", "{58E02259-7E77-4F63-A472-17938F7BA37E}"
EndProject
Global
	GlobalSection(SolutionConfigurationPlatforms) = preSolution
		Debug|Any CPU = Debug|Any CPU
		Release|Any CPU = Release|Any CPU
	EndGlobalSection
	GlobalSection(ProjectConfigurationPlatforms) = postSolution
		{58E02259-7E77-4F63-A472-17938F7BA37E}.Debug|Any CPU.ActiveCfg = Debug|Any CPU
		{58E02259-7E77-4F63-A472-17938F7BA37E}.Debug|Any CPU.Build.0 = Debug|Any CPU
		{58E02259-7E77-4F63-A472-17938F7BA37E}.Release|Any CPU.ActiveCfg = Release|Any CPU
		{58E02259-7E77-4F63-A472-17938F7BA37E}.Release|Any CPU.Build.0 = Release|Any CPU
	EndGlobalSection
	GlobalSection(SolutionProperties) = preSolution
		HideSolutionNode = FALSE
	EndGlobalSection
EndGlobal
